
Microsoft Visual Studio Solution File, Format Version 12.00
# Visual Studio Version 16
VisualStudioVersion = 16.0.29519.181
MinimumVisualStudioVersion = 10.0.40219.1
Project("{9A19103F-16F7-4668-BE54-9A1E7A4F7556}") = "FlatStyle", "FlatStyle.csproj", "{9F09F1A8-5DB0-4CF0-A369-A542724E75BE}"
EndProject
Project("{9A19103F-16F7-4668-BE54-9A1E7A4F7556}") = "FlatStyle.Sample", "FlatStyle.Sample\FlatStyle.Sample.csproj", "{490B6800-FDF2-46F7-862C-BFDC18BAB039}"
EndProject
Global
	GlobalSection(SolutionConfigurationPlatforms) = preSolution
		Debug|Any CPU = Debug|Any CPU
		Release|Any CPU = Release|Any CPU
	EndGlobalSection
	GlobalSection(ProjectConfigurationPlatforms) = postSolution
		{9F09F1A8-5DB0-4CF0-A369-A542724E75BE}.Debug|Any CPU.ActiveCfg = Debug|Any CPU
		{9F09F1A8-5DB0-4CF0-A369-A542724E75BE}.Debug|Any CPU.Build.0 = Debug|Any CPU
		{9F09F1A8-5DB0-4CF0-A369-A542724E75BE}.Release|Any CPU.ActiveCfg = Release|Any CPU
		{9F09F1A8-5DB0-4CF0-A369-A542724E75BE}.Release|Any CPU.Build.0 = Release|Any CPU
		{490B6800-FDF2-46F7-862C-BFDC18BAB039}.Debug|Any CPU.ActiveCfg = Debug|Any CPU
		{490B6800-FDF2-46F7-862C-BFDC18BAB039}.Debug|Any CPU.Build.0 = Debug|Any CPU
		{490B6800-FDF2-46F7-862C-BFDC18BAB039}.Release|Any CPU.ActiveCfg = Release|Any CPU
		{490B6800-FDF2-46F7-862C-BFDC18BAB039}.Release|Any CPU.Build.0 = Release|Any CPU
	EndGlobalSection
	GlobalSection(SolutionProperties) = preSolution
		HideSolutionNode = FALSE
	EndGlobalSection
	GlobalSection(ExtensibilityGlobals) = postSolution
		SolutionGuid = {4477320F-F1A6-429F-9CFB-CFBAC1F8C9B3}
	EndGlobalSection
EndGlobal
